
Microsoft Visual Studio Solution File, Format Version 12.00
# Visual Studio 2015
Project("{FAE04EC0-301F-11D3-BF4B-00C04F79EFBC}") = "Velvet.CSharp", "Velvet.CSharp.csproj", "{8CC98B38-543B-BF9B-0974-9385D2F254C7}"
EndProject
Project("{FAE04EC0-301F-11D3-BF4B-00C04F79EFBC}") = "Velvet.CSharp.Editor", "Velvet.CSharp.Editor.csproj", "{B91360B6-65B0-E224-CA44-3B780438D4D2}"
EndProject
Global
	GlobalSection(SolutionConfigurationPlatforms) = preSolution
		Debug|Any CPU = Debug|Any CPU
		Release|Any CPU = Release|Any CPU
	EndGlobalSection
	GlobalSection(ProjectConfigurationPlatforms) = postSolution
		{8CC98B38-543B-BF9B-0974-9385D2F254C7}.Debug|Any CPU.ActiveCfg = Debug|Any CPU
		{8CC98B38-543B-BF9B-0974-9385D2F254C7}.Debug|Any CPU.Build.0 = Debug|Any CPU
		{8CC98B38-543B-BF9B-0974-9385D2F254C7}.Release|Any CPU.ActiveCfg = Release|Any CPU
		{8CC98B38-543B-BF9B-0974-9385D2F254C7}.Release|Any CPU.Build.0 = Release|Any CPU
		{B91360B6-65B0-E224-CA44-3B780438D4D2}.Debug|Any CPU.ActiveCfg = Debug|Any CPU
		{B91360B6-65B0-E224-CA44-3B780438D4D2}.Debug|Any CPU.Build.0 = Debug|Any CPU
		{B91360B6-65B0-E224-CA44-3B780438D4D2}.Release|Any CPU.ActiveCfg = Release|Any CPU
		{B91360B6-65B0-E224-CA44-3B780438D4D2}.Release|Any CPU.Build.0 = Release|Any CPU
	EndGlobalSection
	GlobalSection(SolutionProperties) = preSolution
		HideSolutionNode = FALSE
	EndGlobalSection
EndGlobal
